
Microsoft Visual Studio Solution File, Format Version 12.00
# Visual Studio Version 16
VisualStudioVersion = 16.0.31424.327
MinimumVisualStudioVersion = 10.0.40219.1
Project("{FAE04EC0-301F-11D3-BF4B-00C04F79EFBC}") = "ClockPatienceExigy", "ClockPatienceExigy\ClockPatienceExigy.csproj", "{F11D4C0F-5505-45DB-B2E1-5E097E947981}"
EndProject
Global
	GlobalSection(SolutionConfigurationPlatforms) = preSolution
		Debug|Any CPU = Debug|Any CPU
		Release|Any CPU = Release|Any CPU
	EndGlobalSection
	GlobalSection(ProjectConfigurationPlatforms) = postSolution
		{F11D4C0F-5505-45DB-B2E1-5E097E947981}.Debug|Any CPU.ActiveCfg = Debug|Any CPU
		{F11D4C0F-5505-45DB-B2E1-5E097E947981}.Debug|Any CPU.Build.0 = Debug|Any CPU
		{F11D4C0F-5505-45DB-B2E1-5E097E947981}.Release|Any CPU.ActiveCfg = Release|Any CPU
		{F11D4C0F-5505-45DB-B2E1-5E097E947981}.Release|Any CPU.Build.0 = Release|Any CPU
	EndGlobalSection
	GlobalSection(SolutionProperties) = preSolution
		HideSolutionNode = FALSE
	EndGlobalSection
	GlobalSection(ExtensibilityGlobals) = postSolution
		SolutionGuid = {E3BE10AF-4297-4E50-BF7B-446BE3E1D0B0}
	EndGlobalSection
EndGlobal
